<?xml version="1.0" encoding="utf-8"?>
<Project ToolsVersion="17.0" xmlns="http://schemas.microsoft.com/developer/msbuild/2003">
  <ItemGroup>
    <ClCompile Include="C:\Users\kaytc\Documents\CS_Projects\desktop_dev\genv\src\command_tree.cpp">
      <Filter>Source Files</Filter>
    </ClCompile>
    <ClCompile Include="C:\Users\kaytc\Documents\CS_Projects\desktop_dev\genv\src\studio.cpp">
      <Filter>Source Files</Filter>
    </ClCompile>
    <ClCompile Include="C:\Users\kaytc\Documents\CS_Projects\desktop_dev\genv\src\main.cpp">
      <Filter>Source Files</Filter>
    </ClCompile>
  </ItemGroup>
  <ItemGroup>
    <CustomBuild Include="C:\Users\kaytc\Documents\CS_Projects\desktop_dev\genv\src\CMakeLists.txt" />
  </ItemGroup>
  <ItemGroup>
    <Filter Include="Source Files">
      <UniqueIdentifier>{817A966C-6024-33C2-8184-A41A5FFE513D}</UniqueIdentifier>
    </Filter>
  </ItemGroup>
</Project>
